
Microsoft Visual Studio Solution File, Format Version 12.00
Project("{FAE04EC0-301F-11D3-BF4B-00C04F79EFBC}") = "API", "API\API.csproj", "{A7AD1BC9-1891-4551-A70A-9532B1AEB78E}"
EndProject
Project("{FAE04EC0-301F-11D3-BF4B-00C04F79EFBC}") = "Domain", "Domain\Domain.csproj", "{E43FCD60-0DBD-4A0B-BA45-BA824DAE73E8}"
EndProject
Project("{FAE04EC0-301F-11D3-BF4B-00C04F79EFBC}") = "Application", "Application\Application.csproj", "{5C683B0E-F2C0-4822-B321-B85BC415006F}"
EndProject
Project("{FAE04EC0-301F-11D3-BF4B-00C04F79EFBC}") = "Infrastructure", "Infrastructure\Infrastructure.csproj", "{15A8A3F6-A5E8-429E-90E9-01807CD5C808}"
EndProject
Project("{FAE04EC0-301F-11D3-BF4B-00C04F79EFBC}") = "Shared", "Shared\Shared.csproj", "{8D9EADDF-8DC6-442D-ACC6-955B7E42EB8F}"
EndProject
Project("{2150E333-8FDC-42A3-9474-1A3956D46DE8}") = "tests", "tests", "{61E0FFEE-D634-432B-8836-8BB7D5BC6B75}"
EndProject
Project("{FAE04EC0-301F-11D3-BF4B-00C04F79EFBC}") = "EnterpriseEcommerce.UnitTests", "tests\EnterpriseEcommerce.UnitTests\EnterpriseEcommerce.UnitTests.csproj", "{F1A40209-B00E-46C4-9A02-78400DCF4E0B}"
EndProject
Project("{FAE04EC0-301F-11D3-BF4B-00C04F79EFBC}") = "EnterpriseEcommerce.IntegrationTests", "tests\EnterpriseEcommerce.IntegrationTests\EnterpriseEcommerce.IntegrationTests.csproj", "{28070035-F518-4CE6-8323-698BF964F7DB}"
EndProject
Global
	GlobalSection(SolutionConfigurationPlatforms) = preSolution
		Debug|Any CPU = Debug|Any CPU
		Release|Any CPU = Release|Any CPU
	EndGlobalSection
	GlobalSection(ProjectConfigurationPlatforms) = postSolution
		{A7AD1BC9-1891-4551-A70A-9532B1AEB78E}.Debug|Any CPU.ActiveCfg = Debug|Any CPU
		{A7AD1BC9-1891-4551-A70A-9532B1AEB78E}.Debug|Any CPU.Build.0 = Debug|Any CPU
		{A7AD1BC9-1891-4551-A70A-9532B1AEB78E}.Release|Any CPU.ActiveCfg = Release|Any CPU
		{A7AD1BC9-1891-4551-A70A-9532B1AEB78E}.Release|Any CPU.Build.0 = Release|Any CPU
		{E43FCD60-0DBD-4A0B-BA45-BA824DAE73E8}.Debug|Any CPU.ActiveCfg = Debug|Any CPU
		{E43FCD60-0DBD-4A0B-BA45-BA824DAE73E8}.Debug|Any CPU.Build.0 = Debug|Any CPU
		{E43FCD60-0DBD-4A0B-BA45-BA824DAE73E8}.Release|Any CPU.ActiveCfg = Release|Any CPU
		{E43FCD60-0DBD-4A0B-BA45-BA824DAE73E8}.Release|Any CPU.Build.0 = Release|Any CPU
		{5C683B0E-F2C0-4822-B321-B85BC415006F}.Debug|Any CPU.ActiveCfg = Debug|Any CPU
		{5C683B0E-F2C0-4822-B321-B85BC415006F}.Debug|Any CPU.Build.0 = Debug|Any CPU
		{5C683B0E-F2C0-4822-B321-B85BC415006F}.Release|Any CPU.ActiveCfg = Release|Any CPU
		{5C683B0E-F2C0-4822-B321-B85BC415006F}.Release|Any CPU.Build.0 = Release|Any CPU
		{15A8A3F6-A5E8-429E-90E9-01807CD5C808}.Debug|Any CPU.ActiveCfg = Debug|Any CPU
		{15A8A3F6-A5E8-429E-90E9-01807CD5C808}.Debug|Any CPU.Build.0 = Debug|Any CPU
		{15A8A3F6-A5E8-429E-90E9-01807CD5C808}.Release|Any CPU.ActiveCfg = Release|Any CPU
		{15A8A3F6-A5E8-429E-90E9-01807CD5C808}.Release|Any CPU.Build.0 = Release|Any CPU
		{8D9EADDF-8DC6-442D-ACC6-955B7E42EB8F}.Debug|Any CPU.ActiveCfg = Debug|Any CPU
		{8D9EADDF-8DC6-442D-ACC6-955B7E42EB8F}.Debug|Any CPU.Build.0 = Debug|Any CPU
		{8D9EADDF-8DC6-442D-ACC6-955B7E42EB8F}.Release|Any CPU.ActiveCfg = Release|Any CPU
		{8D9EADDF-8DC6-442D-ACC6-955B7E42EB8F}.Release|Any CPU.Build.0 = Release|Any CPU
		{F1A40209-B00E-46C4-9A02-78400DCF4E0B}.Debug|Any CPU.ActiveCfg = Debug|Any CPU
		{F1A40209-B00E-46C4-9A02-78400DCF4E0B}.Debug|Any CPU.Build.0 = Debug|Any CPU
		{F1A40209-B00E-46C4-9A02-78400DCF4E0B}.Release|Any CPU.ActiveCfg = Release|Any CPU
		{F1A40209-B00E-46C4-9A02-78400DCF4E0B}.Release|Any CPU.Build.0 = Release|Any CPU
		{28070035-F518-4CE6-8323-698BF964F7DB}.Debug|Any CPU.ActiveCfg = Debug|Any CPU
		{28070035-F518-4CE6-8323-698BF964F7DB}.Debug|Any CPU.Build.0 = Debug|Any CPU
		{28070035-F518-4CE6-8323-698BF964F7DB}.Release|Any CPU.ActiveCfg = Release|Any CPU
		{28070035-F518-4CE6-8323-698BF964F7DB}.Release|Any CPU.Build.0 = Release|Any CPU
	EndGlobalSection
	GlobalSection(NestedProjects) = preSolution
		{F1A40209-B00E-46C4-9A02-78400DCF4E0B} = {61E0FFEE-D634-432B-8836-8BB7D5BC6B75}
		{28070035-F518-4CE6-8323-698BF964F7DB} = {61E0FFEE-D634-432B-8836-8BB7D5BC6B75}
	EndGlobalSection
EndGlobal
